{
  "name": "@runette/ngx-leaflet-sidebar",
  "version": "1.0.4",
  "lockfileVersion": 2,
  "requires": true,
  "packages": {
    "": {
      "name": "@runette/ngx-leaflet-sidebar",
      "version": "1.0.4",
      "dependencies": {
        "leaflet-sidebar-v2": "^3.2.3"
      }
    },
    "node_modules/leaflet-sidebar-v2": {
      "version": "3.2.3",
      "resolved": "https://registry.npmjs.org/leaflet-sidebar-v2/-/leaflet-sidebar-v2-3.2.3.tgz",
      "integrity": "sha512-narzdn81Y/8YpgHR3jhs93LhrLq0AGSRo7CXHEICHfMeK6IHSbtFOF9CTSfueaumRK0TgvHkiiYJb9dTKta6ZQ=="
    }
  },
  "dependencies": {
    "leaflet-sidebar-v2": {
      "version": "3.2.3",
      "resolved": "https://registry.npmjs.org/leaflet-sidebar-v2/-/leaflet-sidebar-v2-3.2.3.tgz",
      "integrity": "sha512-narzdn81Y/8YpgHR3jhs93LhrLq0AGSRo7CXHEICHfMeK6IHSbtFOF9CTSfueaumRK0TgvHkiiYJb9dTKta6ZQ=="
    }
  }
}
