{
  "name": "@runette/ngx-leaflet-sidebar",
  "version": "0.0.1",
  "lockfileVersion": 1,
  "requires": true,
  "dependencies": {
    "leaflet-sidebar-v2": {
      "version": "3.2.1",
      "resolved": "https://registry.npmjs.org/leaflet-sidebar-v2/-/leaflet-sidebar-v2-3.2.1.tgz",
      "integrity": "sha512-PT+kq8wZh5nJ2clyPYg42l7XB4ywiFRgQzNt+RcxCE5UFIpj1PkbQzUvUXjyydPZRft8nAf5Y7gEgH3PhIOsSg=="
    }
  }
}
