{
  "name": "@runette/ngx-leaflet-sidebar",
  "version": "1.0.0",
  "lockfileVersion": 1,
  "requires": true,
  "dependencies": {
    "leaflet-sidebar-v2": {
      "version": "3.2.2",
      "resolved": "https://registry.npmjs.org/leaflet-sidebar-v2/-/leaflet-sidebar-v2-3.2.2.tgz",
      "integrity": "sha512-LwDiEvC3TAybIxHt+ud2rkdvJxQFMFpS9Xk02nvC8h2YRx5/+cYySFgM76Z8fEHPOl02htLWECmGitSwGVf/+A=="
    }
  }
}
